
Microsoft Visual Studio Solution File, Format Version 12.00
# Visual Studio Version 16
VisualStudioVersion = 16.0.29806.167
MinimumVisualStudioVersion = 10.0.40219.1
Project("{8BC9CEB8-8B4A-11D0-8D11-00A0C91BC942}") = "PIK 2", "PIK 2\PIK 2.vcxproj", "{A728CF5A-C642-41BD-9FBB-A2A344AAC9D2}"
EndProject
Global
	GlobalSection(SolutionConfigurationPlatforms) = preSolution
		Debug|x64 = Debug|x64
		Debug|x86 = Debug|x86
		Release|x64 = Release|x64
		Release|x86 = Release|x86
	EndGlobalSection
	GlobalSection(ProjectConfigurationPlatforms) = postSolution
		{A728CF5A-C642-41BD-9FBB-A2A344AAC9D2}.Debug|x64.ActiveCfg = Debug|x64
		{A728CF5A-C642-41BD-9FBB-A2A344AAC9D2}.Debug|x64.Build.0 = Debug|x64
		{A728CF5A-C642-41BD-9FBB-A2A344AAC9D2}.Debug|x86.ActiveCfg = Debug|Win32
		{A728CF5A-C642-41BD-9FBB-A2A344AAC9D2}.Debug|x86.Build.0 = Debug|Win32
		{A728CF5A-C642-41BD-9FBB-A2A344AAC9D2}.Release|x64.ActiveCfg = Release|x64
		{A728CF5A-C642-41BD-9FBB-A2A344AAC9D2}.Release|x64.Build.0 = Release|x64
		{A728CF5A-C642-41BD-9FBB-A2A344AAC9D2}.Release|x86.ActiveCfg = Release|Win32
		{A728CF5A-C642-41BD-9FBB-A2A344AAC9D2}.Release|x86.Build.0 = Release|Win32
	EndGlobalSection
	GlobalSection(SolutionProperties) = preSolution
		HideSolutionNode = FALSE
	EndGlobalSection
	GlobalSection(ExtensibilityGlobals) = postSolution
		SolutionGuid = {09D8B09A-9CF8-4BAD-A9E0-9EBD158652CB}
	EndGlobalSection
EndGlobal
